Microsoft Visual Studio Solution File, Format Version 12.00
# Visual Studio Version 17
VisualStudioVersion = 17.0.31903.59
MinimumVisualStudioVersion = 10.0.40219.1
Project("{2150E333-8FDC-42A3-9474-1A3956D46DE8}") = "ClientService", "ClientService", "{1E5B3F3B-EDF6-4C73-94FA-E0765B08563B}"
EndProject
Project("{FAE04EC0-301F-11D3-BF4B-00C04F79EFBC}") = "ClientService", "ClientService\ClientService.csproj", "{41C8189E-3AC8-4FCF-89B5-ABBBE68E3C41}"
EndProject
Project("{2150E333-8FDC-42A3-9474-1A3956D46DE8}") = "WorkerService", "WorkerService", "{39929099-402C-46AA-AA2C-C89A4CA78F1B}"
EndProject
Project("{FAE04EC0-301F-11D3-BF4B-00C04F79EFBC}") = "WorkerService", "WorkerService\WorkerService.csproj", "{A94AD935-76B3-41C7-B0A2-033769339A6E}"
EndProject
Global
	GlobalSection(SolutionConfigurationPlatforms) = preSolution
		Debug|Any CPU = Debug|Any CPU
		Release|Any CPU = Release|Any CPU
	EndGlobalSection
	GlobalSection(SolutionProperties) = preSolution
		HideSolutionNode = FALSE
	EndGlobalSection
	GlobalSection(ProjectConfigurationPlatforms) = postSolution
		{41C8189E-3AC8-4FCF-89B5-ABBBE68E3C41}.Debug|Any CPU.ActiveCfg = Debug|Any CPU
		{41C8189E-3AC8-4FCF-89B5-ABBBE68E3C41}.Debug|Any CPU.Build.0 = Debug|Any CPU
		{41C8189E-3AC8-4FCF-89B5-ABBBE68E3C41}.Release|Any CPU.ActiveCfg = Release|Any CPU
		{41C8189E-3AC8-4FCF-89B5-ABBBE68E3C41}.Release|Any CPU.Build.0 = Release|Any CPU
		{A94AD935-76B3-41C7-B0A2-033769339A6E}.Debug|Any CPU.ActiveCfg = Debug|Any CPU
		{A94AD935-76B3-41C7-B0A2-033769339A6E}.Debug|Any CPU.Build.0 = Debug|Any CPU
		{A94AD935-76B3-41C7-B0A2-033769339A6E}.Release|Any CPU.ActiveCfg = Release|Any CPU
		{A94AD935-76B3-41C7-B0A2-033769339A6E}.Release|Any CPU.Build.0 = Release|Any CPU
	EndGlobalSection
	GlobalSection(NestedProjects) = preSolution
		{41C8189E-3AC8-4FCF-89B5-ABBBE68E3C41} = {1E5B3F3B-EDF6-4C73-94FA-E0765B08563B}
		{A94AD935-76B3-41C7-B0A2-033769339A6E} = {39929099-402C-46AA-AA2C-C89A4CA78F1B}
	EndGlobalSection
EndGlobal
